
Microsoft Visual Studio Solution File, Format Version 12.00
# Visual Studio Version 16
VisualStudioVersion = 16.0.29411.108
MinimumVisualStudioVersion = 10.0.40219.1
Project("{9A19103F-16F7-4668-BE54-9A1E7A4F7556}") = "RenderBlog", "RenderBlog\RenderBlog.csproj", "{6C0FD54A-6A05-4094-A035-DB07FDB72D3B}"
EndProject
Project("{9A19103F-16F7-4668-BE54-9A1E7A4F7556}") = "Tests", "Tests\Tests.csproj", "{EDFD169C-4747-4054-8812-F461C8CDD4AB}"
EndProject
Global
	GlobalSection(SolutionConfigurationPlatforms) = preSolution
		Debug|Any CPU = Debug|Any CPU
		Release|Any CPU = Release|Any CPU
	EndGlobalSection
	GlobalSection(ProjectConfigurationPlatforms) = postSolution
		{6C0FD54A-6A05-4094-A035-DB07FDB72D3B}.Debug|Any CPU.ActiveCfg = Debug|Any CPU
		{6C0FD54A-6A05-4094-A035-DB07FDB72D3B}.Debug|Any CPU.Build.0 = Debug|Any CPU
		{6C0FD54A-6A05-4094-A035-DB07FDB72D3B}.Release|Any CPU.ActiveCfg = Release|Any CPU
		{6C0FD54A-6A05-4094-A035-DB07FDB72D3B}.Release|Any CPU.Build.0 = Release|Any CPU
		{EDFD169C-4747-4054-8812-F461C8CDD4AB}.Debug|Any CPU.ActiveCfg = Debug|Any CPU
		{EDFD169C-4747-4054-8812-F461C8CDD4AB}.Debug|Any CPU.Build.0 = Debug|Any CPU
		{EDFD169C-4747-4054-8812-F461C8CDD4AB}.Release|Any CPU.ActiveCfg = Release|Any CPU
		{EDFD169C-4747-4054-8812-F461C8CDD4AB}.Release|Any CPU.Build.0 = Release|Any CPU
	EndGlobalSection
	GlobalSection(SolutionProperties) = preSolution
		HideSolutionNode = FALSE
	EndGlobalSection
	GlobalSection(ExtensibilityGlobals) = postSolution
		SolutionGuid = {75AB1FCD-4658-4495-B4EC-1ACF4B75C5FF}
	EndGlobalSection
EndGlobal
